{
  "originHash" : "3f9e34625f8bd412bc6aff08c9459127e235416217ae6030f7cc0c944e72f16b",
  "pins" : [
    {
      "identity" : "coretransferablebackport",
      "kind" : "remoteSourceControl",
      "location" : "https://github.com/noppefoxwolf/CoreTransferableBackport",
      "state" : {
        "revision" : "fa75d4b76bc75d2f37c2d7277ccec4acd8c35930",
        "version" : "0.0.4"
      }
    },
    {
      "identity" : "swift-http-types",
      "kind" : "remoteSourceControl",
      "location" : "https://github.com/apple/swift-http-types",
      "state" : {
        "revision" : "45eb0224913ea070ec4fba17291b9e7ecf4749ca",
        "version" : "1.5.1"
      }
    }
  ],
  "version" : 3
}
