{
  "originHash" : "3946c21fa370d4ca5ef43c031fad637f5012d4d08457829d0c7308a18cfe5840",
  "pins" : [
    {
      "identity" : "coretransferablebackport",
      "kind" : "remoteSourceControl",
      "location" : "https://github.com/noppefoxwolf/CoreTransferableBackport",
      "state" : {
        "revision" : "0d89bd520fd92db65552a5e214805155de5f5674",
        "version" : "0.0.3"
      }
    },
    {
      "identity" : "swift-async-algorithms",
      "kind" : "remoteSourceControl",
      "location" : "https://github.com/apple/swift-async-algorithms",
      "state" : {
        "revision" : "042e1c4d9d19748c9c228f8d4ebc97bb1e339b0b",
        "version" : "1.0.4"
      }
    },
    {
      "identity" : "swift-collections",
      "kind" : "remoteSourceControl",
      "location" : "https://github.com/apple/swift-collections.git",
      "state" : {
        "revision" : "c1805596154bb3a265fd91b8ac0c4433b4348fb0",
        "version" : "1.2.0"
      }
    },
    {
      "identity" : "swift-http-types",
      "kind" : "remoteSourceControl",
      "location" : "https://github.com/apple/swift-http-types",
      "state" : {
        "revision" : "a0a57e949a8903563aba4615869310c0ebf14c03",
        "version" : "1.4.0"
      }
    }
  ],
  "version" : 3
}
